// !$*UTF8*$!
{
	archiveVersion = 1;
	classes = {
	};
	objectVersion = 48;
	objects = {

/* Begin PBXBuildFile section */
		151658DE1F86445C003DE49F /* ViewController+Actions.swift in Sources */ = {isa = PBXBuildFile; fileRef = 151658DD1F86445C003DE49F /* ViewController+Actions.swift */; };
		151658E01F864563003DE49F /* ViewController+Delegation.swift in Sources */ = {isa = PBXBuildFile; fileRef = 151658DF1F864563003DE49F /* ViewController+Delegation.swift */; };
		151658E21F867197003DE49F /* Filter.swift in Sources */ = {isa = PBXBuildFile; fileRef = 151658E11F867197003DE49F /* Filter.swift */; };
		151658E41F867F4A003DE49F /* Filter.json in Resources */ = {isa = PBXBuildFile; fileRef = 151658E31F867F4A003DE49F /* Filter.json */; };
		151658E61F8687C4003DE49F /* ViewController+FilterSelection.swift in Sources */ = {isa = PBXBuildFile; fileRef = 151658E51F8687C4003DE49F /* ViewController+FilterSelection.swift */; };
		152910E71F861940001B5A8F /* AppDelegate.swift in Sources */ = {isa = PBXBuildFile; fileRef = 152910E61F861940001B5A8F /* AppDelegate.swift */; };
		152910E91F861940001B5A8F /* ViewController.swift in Sources */ = {isa = PBXBuildFile; fileRef = 152910E81F861940001B5A8F /* ViewController.swift */; };
		152910EC1F861940001B5A8F /* Main.storyboard in Resources */ = {isa = PBXBuildFile; fileRef = 152910EA1F861940001B5A8F /* Main.storyboard */; };
		152910EE1F861940001B5A8F /* Assets.xcassets in Resources */ = {isa = PBXBuildFile; fileRef = 152910ED1F861940001B5A8F /* Assets.xcassets */; };
		152910F11F861940001B5A8F /* LaunchScreen.storyboard in Resources */ = {isa = PBXBuildFile; fileRef = 152910EF1F861940001B5A8F /* LaunchScreen.storyboard */; };
		152910F91F861CC1001B5A8F /* AVPlayerView.swift in Sources */ = {isa = PBXBuildFile; fileRef = 152910F81F861CC1001B5A8F /* AVPlayerView.swift */; };
		152910FB1F863D97001B5A8F /* FilterSelectionViewController.swift in Sources */ = {isa = PBXBuildFile; fileRef = 152910FA1F863D97001B5A8F /* FilterSelectionViewController.swift */; };
/* End PBXBuildFile section */

/* Begin PBXFileReference section */
		151658DD1F86445C003DE49F /* ViewController+Actions.swift */ = {isa = PBXFileReference; lastKnownFileType = sourcecode.swift; path = "ViewController+Actions.swift"; sourceTree = "<group>"; };
		151658DF1F864563003DE49F /* ViewController+Delegation.swift */ = {isa = PBXFileReference; lastKnownFileType = sourcecode.swift; path = "ViewController+Delegation.swift"; sourceTree = "<group>"; };
		151658E11F867197003DE49F /* Filter.swift */ = {isa = PBXFileReference; lastKnownFileType = sourcecode.swift; path = Filter.swift; sourceTree = "<group>"; };
		151658E31F867F4A003DE49F /* Filter.json */ = {isa = PBXFileReference; lastKnownFileType = text.json; path = Filter.json; sourceTree = "<group>"; };
		151658E51F8687C4003DE49F /* ViewController+FilterSelection.swift */ = {isa = PBXFileReference; lastKnownFileType = sourcecode.swift; path = "ViewController+FilterSelection.swift"; sourceTree = "<group>"; };
		152910E31F861940001B5A8F /* AVVideoEditor.app */ = {isa = PBXFileReference; explicitFileType = wrapper.application; includeInIndex = 0; path = AVVideoEditor.app; sourceTree = BUILT_PRODUCTS_DIR; };
		152910E61F861940001B5A8F /* AppDelegate.swift */ = {isa = PBXFileReference; lastKnownFileType = sourcecode.swift; path = AppDelegate.swift; sourceTree = "<group>"; };
		152910E81F861940001B5A8F /* ViewController.swift */ = {isa = PBXFileReference; lastKnownFileType = sourcecode.swift; path = ViewController.swift; sourceTree = "<group>"; };
		152910EB1F861940001B5A8F /* Base */ = {isa = PBXFileReference; lastKnownFileType = file.storyboard; name = Base; path = Base.lproj/Main.storyboard; sourceTree = "<group>"; };
		152910ED1F861940001B5A8F /* Assets.xcassets */ = {isa = PBXFileReference; lastKnownFileType = folder.assetcatalog; path = Assets.xcassets; sourceTree = "<group>"; };
		152910F01F861940001B5A8F /* Base */ = {isa = PBXFileReference; lastKnownFileType = file.storyboard; name = Base; path = Base.lproj/LaunchScreen.storyboard; sourceTree = "<group>"; };
		152910F21F861940001B5A8F /* Info.plist */ = {isa = PBXFileReference; lastKnownFileType = text.plist.xml; path = Info.plist; sourceTree = "<group>"; };
		152910F81F861CC1001B5A8F /* AVPlayerView.swift */ = {isa = PBXFileReference; lastKnownFileType = sourcecode.swift; path = AVPlayerView.swift; sourceTree = "<group>"; };
		152910FA1F863D97001B5A8F /* FilterSelectionViewController.swift */ = {isa = PBXFileReference; lastKnownFileType = sourcecode.swift; path = FilterSelectionViewController.swift; sourceTree = "<group>"; };
/* End PBXFileReference section */

/* Begin PBXFrameworksBuildPhase section */
		152910E01F861940001B5A8F /* Frameworks */ = {
			isa = PBXFrameworksBuildPhase;
			buildActionMask = 2147483647;
			files = (
			);
			runOnlyForDeploymentPostprocessing = 0;
		};
/* End PBXFrameworksBuildPhase section */

/* Begin PBXGroup section */
		152910DA1F861940001B5A8F = {
			isa = PBXGroup;
			children = (
				152910E51F861940001B5A8F /* AVVideoEditor */,
				152910E41F861940001B5A8F /* Products */,
			);
			sourceTree = "<group>";
		};
		152910E41F861940001B5A8F /* Products */ = {
			isa = PBXGroup;
			children = (
				152910E31F861940001B5A8F /* AVVideoEditor.app */,
			);
			name = Products;
			sourceTree = "<group>";
		};
		152910E51F861940001B5A8F /* AVVideoEditor */ = {
			isa = PBXGroup;
			children = (
				158D18941F87520F006B5459 /* SupportingFiles */,
				158D18931F8751BA006B5459 /* FilteredVideo */,
				152910E81F861940001B5A8F /* ViewController.swift */,
				151658DD1F86445C003DE49F /* ViewController+Actions.swift */,
				151658DF1F864563003DE49F /* ViewController+Delegation.swift */,
				151658E51F8687C4003DE49F /* ViewController+FilterSelection.swift */,
				152910FA1F863D97001B5A8F /* FilterSelectionViewController.swift */,
			);
			path = AVVideoEditor;
			sourceTree = "<group>";
		};
		158D18931F8751BA006B5459 /* FilteredVideo */ = {
			isa = PBXGroup;
			children = (
				152910F81F861CC1001B5A8F /* AVPlayerView.swift */,
				151658E11F867197003DE49F /* Filter.swift */,
				151658E31F867F4A003DE49F /* Filter.json */,
			);
			path = FilteredVideo;
			sourceTree = "<group>";
		};
		158D18941F87520F006B5459 /* SupportingFiles */ = {
			isa = PBXGroup;
			children = (
				152910E61F861940001B5A8F /* AppDelegate.swift */,
				152910EA1F861940001B5A8F /* Main.storyboard */,
				152910ED1F861940001B5A8F /* Assets.xcassets */,
				152910EF1F861940001B5A8F /* LaunchScreen.storyboard */,
				152910F21F861940001B5A8F /* Info.plist */,
			);
			path = SupportingFiles;
			sourceTree = "<group>";
		};
/* End PBXGroup section */

/* Begin PBXNativeTarget section */
		152910E21F861940001B5A8F /* AVVideoEditor */ = {
			isa = PBXNativeTarget;
			buildConfigurationList = 152910F51F861940001B5A8F /* Build configuration list for PBXNativeTarget "AVVideoEditor" */;
			buildPhases = (
				152910DF1F861940001B5A8F /* Sources */,
				152910E01F861940001B5A8F /* Frameworks */,
				152910E11F861940001B5A8F /* Resources */,
			);
			buildRules = (
			);
			dependencies = (
			);
			name = AVVideoEditor;
			productName = AVVideoEditor;
			productReference = 152910E31F861940001B5A8F /* AVVideoEditor.app */;
			productType = "com.apple.product-type.application";
		};
/* End PBXNativeTarget section */

/* Begin PBXProject section */
		152910DB1F861940001B5A8F /* Project object */ = {
			isa = PBXProject;
			attributes = {
				LastSwiftUpdateCheck = 0900;
				LastUpgradeCheck = 0900;
				ORGANIZATIONNAME = "Haruya Ishikawa";
				TargetAttributes = {
					152910E21F861940001B5A8F = {
						CreatedOnToolsVersion = 9.0;
						ProvisioningStyle = Automatic;
					};
				};
			};
			buildConfigurationList = 152910DE1F861940001B5A8F /* Build configuration list for PBXProject "AVVideoEditor" */;
			compatibilityVersion = "Xcode 8.0";
			developmentRegion = en;
			hasScannedForEncodings = 0;
			knownRegions = (
				en,
				Base,
			);
			mainGroup = 152910DA1F861940001B5A8F;
			productRefGroup = 152910E41F861940001B5A8F /* Products */;
			projectDirPath = "";
			projectRoot = "";
			targets = (
				152910E21F861940001B5A8F /* AVVideoEditor */,
			);
		};
/* End PBXProject section */

/* Begin PBXResourcesBuildPhase section */
		152910E11F861940001B5A8F /* Resources */ = {
			isa = PBXResourcesBuildPhase;
			buildActionMask = 2147483647;
			files = (
				152910F11F861940001B5A8F /* LaunchScreen.storyboard in Resources */,
				151658E41F867F4A003DE49F /* Filter.json in Resources */,
				152910EE1F861940001B5A8F /* Assets.xcassets in Resources */,
				152910EC1F861940001B5A8F /* Main.storyboard in Resources */,
			);
			runOnlyForDeploymentPostprocessing = 0;
		};
/* End PBXResourcesBuildPhase section */

/* Begin PBXSourcesBuildPhase section */
		152910DF1F861940001B5A8F /* Sources */ = {
			isa = PBXSourcesBuildPhase;
			buildActionMask = 2147483647;
			files = (
				151658E21F867197003DE49F /* Filter.swift in Sources */,
				152910F91F861CC1001B5A8F /* AVPlayerView.swift in Sources */,
				151658DE1F86445C003DE49F /* ViewController+Actions.swift in Sources */,
				152910FB1F863D97001B5A8F /* FilterSelectionViewController.swift in Sources */,
				152910E91F861940001B5A8F /* ViewController.swift in Sources */,
				151658E61F8687C4003DE49F /* ViewController+FilterSelection.swift in Sources */,
				151658E01F864563003DE49F /* ViewController+Delegation.swift in Sources */,
				152910E71F861940001B5A8F /* AppDelegate.swift in Sources */,
			);
			runOnlyForDeploymentPostprocessing = 0;
		};
/* End PBXSourcesBuildPhase section */

/* Begin PBXVariantGroup section */
		152910EA1F861940001B5A8F /* Main.storyboard */ = {
			isa = PBXVariantGroup;
			children = (
				152910EB1F861940001B5A8F /* Base */,
			);
			name = Main.storyboard;
			sourceTree = "<group>";
		};
		152910EF1F861940001B5A8F /* LaunchScreen.storyboard */ = {
			isa = PBXVariantGroup;
			children = (
				152910F01F861940001B5A8F /* Base */,
			);
			name = LaunchScreen.storyboard;
			sourceTree = "<group>";
		};
/* End PBXVariantGroup section */

/* Begin XCBuildConfiguration section */
		152910F31F861940001B5A8F /* Debug */ = {
			isa = XCBuildConfiguration;
			buildSettings = {
				ALWAYS_SEARCH_USER_PATHS = NO;
				CLANG_ANALYZER_NONNULL = YES;
				CLANG_ANALYZER_NUMBER_OBJECT_CONVERSION = YES_AGGRESSIVE;
				CLANG_CXX_LANGUAGE_STANDARD = "gnu++14";
				CLANG_CXX_LIBRARY = "libc++";
				CLANG_ENABLE_MODULES = YES;
				CLANG_ENABLE_OBJC_ARC = YES;
				CLANG_WARN_BLOCK_CAPTURE_AUTORELEASING = YES;
				CLANG_WARN_BOOL_CONVERSION = YES;
				CLANG_WARN_COMMA = YES;
				CLANG_WARN_CONSTANT_CONVERSION = YES;
				CLANG_WARN_DIRECT_OBJC_ISA_USAGE = YES_ERROR;
				CLANG_WARN_DOCUMENTATION_COMMENTS = YES;
				CLANG_WARN_EMPTY_BODY = YES;
				CLANG_WARN_ENUM_CONVERSION = YES;
				CLANG_WARN_INFINITE_RECURSION = YES;
				CLANG_WARN_INT_CONVERSION = YES;
				CLANG_WARN_NON_LITERAL_NULL_CONVERSION = YES;
				CLANG_WARN_OBJC_LITERAL_CONVERSION = YES;
				CLANG_WARN_OBJC_ROOT_CLASS = YES_ERROR;
				CLANG_WARN_RANGE_LOOP_ANALYSIS = YES;
				CLANG_WARN_STRICT_PROTOTYPES = YES;
				CLANG_WARN_SUSPICIOUS_MOVE = YES;
				CLANG_WARN_UNGUARDED_AVAILABILITY = YES_AGGRESSIVE;
				CLANG_WARN_UNREACHABLE_CODE = YES;
				CLANG_WARN__DUPLICATE_METHOD_MATCH = YES;
				CODE_SIGN_IDENTITY = "iPhone Developer";
				COPY_PHASE_STRIP = NO;
				DEBUG_INFORMATION_FORMAT = dwarf;
				ENABLE_STRICT_OBJC_MSGSEND = YES;
				ENABLE_TESTABILITY = YES;
				GCC_C_LANGUAGE_STANDARD = gnu11;
				GCC_DYNAMIC_NO_PIC = NO;
				GCC_NO_COMMON_BLOCKS = YES;
				GCC_OPTIMIZATION_LEVEL = 0;
				GCC_PREPROCESSOR_DEFINITIONS = (
					"DEBUG=1",
					"$(inherited)",
				);
				GCC_WARN_64_TO_32_BIT_CONVERSION = YES;
				GCC_WARN_ABOUT_RETURN_TYPE = YES_ERROR;
				GCC_WARN_UNDECLARED_SELECTOR = YES;
				GCC_WARN_UNINITIALIZED_AUTOS = YES_AGGRESSIVE;
				GCC_WARN_UNUSED_FUNCTION = YES;
				GCC_WARN_UNUSED_VARIABLE = YES;
				IPHONEOS_DEPLOYMENT_TARGET = 11.0;
				MTL_ENABLE_DEBUG_INFO = YES;
				ONLY_ACTIVE_ARCH = YES;
				SDKROOT = iphoneos;
				SWIFT_ACTIVE_COMPILATION_CONDITIONS = DEBUG;
				SWIFT_OPTIMIZATION_LEVEL = "-Onone";
			};
			name = Debug;
		};
		152910F41F861940001B5A8F /* Release */ = {
			isa = XCBuildConfiguration;
			buildSettings = {
				ALWAYS_SEARCH_USER_PATHS = NO;
				CLANG_ANALYZER_NONNULL = YES;
				CLANG_ANALYZER_NUMBER_OBJECT_CONVERSION = YES_AGGRESSIVE;
				CLANG_CXX_LANGUAGE_STANDARD = "gnu++14";
				CLANG_CXX_LIBRARY = "libc++";
				CLANG_ENABLE_MODULES = YES;
				CLANG_ENABLE_OBJC_ARC = YES;
				CLANG_WARN_BLOCK_CAPTURE_AUTORELEASING = YES;
				CLANG_WARN_BOOL_CONVERSION = YES;
				CLANG_WARN_COMMA = YES;
				CLANG_WARN_CONSTANT_CONVERSION = YES;
				CLANG_WARN_DIRECT_OBJC_ISA_USAGE = YES_ERROR;
				CLANG_WARN_DOCUMENTATION_COMMENTS = YES;
				CLANG_WARN_EMPTY_BODY = YES;
				CLANG_WARN_ENUM_CONVERSION = YES;
				CLANG_WARN_INFINITE_RECURSION = YES;
				CLANG_WARN_INT_CONVERSION = YES;
				CLANG_WARN_NON_LITERAL_NULL_CONVERSION = YES;
				CLANG_WARN_OBJC_LITERAL_CONVERSION = YES;
				CLANG_WARN_OBJC_ROOT_CLASS = YES_ERROR;
				CLANG_WARN_RANGE_LOOP_ANALYSIS = YES;
				CLANG_WARN_STRICT_PROTOTYPES = YES;
				CLANG_WARN_SUSPICIOUS_MOVE = YES;
				CLANG_WARN_UNGUARDED_AVAILABILITY = YES_AGGRESSIVE;
				CLANG_WARN_UNREACHABLE_CODE = YES;
				CLANG_WARN__DUPLICATE_METHOD_MATCH = YES;
				CODE_SIGN_IDENTITY = "iPhone Developer";
				COPY_PHASE_STRIP = NO;
				DEBUG_INFORMATION_FORMAT = "dwarf-with-dsym";
				ENABLE_NS_ASSERTIONS = NO;
				ENABLE_STRICT_OBJC_MSGSEND = YES;
				GCC_C_LANGUAGE_STANDARD = gnu11;
				GCC_NO_COMMON_BLOCKS = YES;
				GCC_WARN_64_TO_32_BIT_CONVERSION = YES;
				GCC_WARN_ABOUT_RETURN_TYPE = YES_ERROR;
				GCC_WARN_UNDECLARED_SELECTOR = YES;
				GCC_WARN_UNINITIALIZED_AUTOS = YES_AGGRESSIVE;
				GCC_WARN_UNUSED_FUNCTION = YES;
				GCC_WARN_UNUSED_VARIABLE = YES;
				IPHONEOS_DEPLOYMENT_TARGET = 11.0;
				MTL_ENABLE_DEBUG_INFO = NO;
				SDKROOT = iphoneos;
				SWIFT_OPTIMIZATION_LEVEL = "-Owholemodule";
				VALIDATE_PRODUCT = YES;
			};
			name = Release;
		};
		152910F61F861940001B5A8F /* Debug */ = {
			isa = XCBuildConfiguration;
			buildSettings = {
				ASSETCATALOG_COMPILER_APPICON_NAME = AppIcon;
				CODE_SIGN_STYLE = Automatic;
				DEVELOPMENT_TEAM = X92XM86FGH;
				INFOPLIST_FILE = "$(SRCROOT)/AVVideoEditor/SupportingFiles/Info.plist";
				LD_RUNPATH_SEARCH_PATHS = "$(inherited) @executable_path/Frameworks";
				PRODUCT_BUNDLE_IDENTIFIER = com.haruyaishikawa.AVVideoEditor;
				PRODUCT_NAME = "$(TARGET_NAME)";
				SWIFT_VERSION = 4.0;
				TARGETED_DEVICE_FAMILY = "1,2";
			};
			name = Debug;
		};
		152910F71F861940001B5A8F /* Release */ = {
			isa = XCBuildConfiguration;
			buildSettings = {
				ASSETCATALOG_COMPILER_APPICON_NAME = AppIcon;
				CODE_SIGN_STYLE = Automatic;
				DEVELOPMENT_TEAM = X92XM86FGH;
				INFOPLIST_FILE = "$(SRCROOT)/AVVideoEditor/SupportingFiles/Info.plist";
				LD_RUNPATH_SEARCH_PATHS = "$(inherited) @executable_path/Frameworks";
				PRODUCT_BUNDLE_IDENTIFIER = com.haruyaishikawa.AVVideoEditor;
				PRODUCT_NAME = "$(TARGET_NAME)";
				SWIFT_VERSION = 4.0;
				TARGETED_DEVICE_FAMILY = "1,2";
			};
			name = Release;
		};
/* End XCBuildConfiguration section */

/* Begin XCConfigurationList section */
		152910DE1F861940001B5A8F /* Build configuration list for PBXProject "AVVideoEditor" */ = {
			isa = XCConfigurationList;
			buildConfigurations = (
				152910F31F861940001B5A8F /* Debug */,
				152910F41F861940001B5A8F /* Release */,
			);
			defaultConfigurationIsVisible = 0;
			defaultConfigurationName = Release;
		};
		152910F51F861940001B5A8F /* Build configuration list for PBXNativeTarget "AVVideoEditor" */ = {
			isa = XCConfigurationList;
			buildConfigurations = (
				152910F61F861940001B5A8F /* Debug */,
				152910F71F861940001B5A8F /* Release */,
			);
			defaultConfigurationIsVisible = 0;
			defaultConfigurationName = Release;
		};
/* End XCConfigurationList section */
	};
	rootObject = 152910DB1F861940001B5A8F /* Project object */;
}
